
Microsoft Visual Studio Solution File, Format Version 12.00
# Visual Studio Version 16
VisualStudioVersion = 16.0.35731.53
MinimumVisualStudioVersion = 10.0.40219.1
Project("{FAE04EC0-301F-11D3-BF4B-00C04F79EFBC}") = "BankManagementSystem", "BankManagementSystem.csproj", "{368DF88D-1812-4016-B52B-3820D2A9D5EA}"
EndProject
Global
	GlobalSection(SolutionConfigurationPlatforms) = preSolution
		Debug|Any CPU = Debug|Any CPU
		Release|Any CPU = Release|Any CPU
	EndGlobalSection
	GlobalSection(ProjectConfigurationPlatforms) = postSolution
		{368DF88D-1812-4016-B52B-3820D2A9D5EA}.Debug|Any CPU.ActiveCfg = Debug|Any CPU
		{368DF88D-1812-4016-B52B-3820D2A9D5EA}.Debug|Any CPU.Build.0 = Debug|Any CPU
		{368DF88D-1812-4016-B52B-3820D2A9D5EA}.Release|Any CPU.ActiveCfg = Release|Any CPU
		{368DF88D-1812-4016-B52B-3820D2A9D5EA}.Release|Any CPU.Build.0 = Release|Any CPU
	EndGlobalSection
	GlobalSection(SolutionProperties) = preSolution
		HideSolutionNode = FALSE
	EndGlobalSection
	GlobalSection(ExtensibilityGlobals) = postSolution
		SolutionGuid = {489AD7FA-E52C-4FC3-966F-59887F2AAB76}
	EndGlobalSection
EndGlobal
